# THIS IS AN AUTOGENERATED FILE. DO NOT EDIT THIS FILE DIRECTLY.
# yarn lockfile v1


"@tsconfig/node16@^16.1.1":
  version "16.1.1"
  resolved "https://registry.yarnpkg.com/@tsconfig/node16/-/node16-16.1.1.tgz#b9322bcacf7b7a487ab4e078f88455bde47f3780"
  integrity sha512-+pio93ejHN4nINX4pXqfnR/fPLRtJBaT4ORaa5RH0Oc1zoYmo2B2koG+M328CQhHKn1Wj6FcOxCDFXAot9NhvA==

"@types/node@^20.8.2":
  version "20.8.2"
  resolved "https://registry.yarnpkg.com/@types/node/-/node-20.8.2.tgz#d76fb80d87d0d8abfe334fc6d292e83e5524efc4"
  integrity sha512-Vvycsc9FQdwhxE3y3DzeIxuEJbWGDsnrxvMADzTDF/lcdR9/K+AQIeAghTQsHtotg/q0j3WEOYS/jQgSdWue3w==

typescript@^4.5.4:
  version "4.9.5"
  resolved "https://registry.yarnpkg.com/typescript/-/typescript-4.9.5.tgz#095979f9bcc0d09da324d58d03ce8f8374cbe65a"
  integrity sha512-1FXk9E2Hm+QzZQ7z+McJiHL4NW1F2EzMu9Nq9i3zAaGqibafqYwCVU6WyWAuyQRRzOlxou8xZSyXLEN8oKj24g==
